
Microsoft Visual Studio Solution File, Format Version 12.00
# Visual Studio Version 16
VisualStudioVersion = 16.0.29709.97
MinimumVisualStudioVersion = 10.0.40219.1
Project("{FAE04EC0-301F-11D3-BF4B-00C04F79EFBC}") = "Dozer", "Dozer\Dozer.csproj", "{8A653C8A-12EB-4994-B3E4-672A84B7249F}"
EndProject
Global
	GlobalSection(SolutionConfigurationPlatforms) = preSolution
		Debug|Any CPU = Debug|Any CPU
		Release|Any CPU = Release|Any CPU
	EndGlobalSection
	GlobalSection(ProjectConfigurationPlatforms) = postSolution
		{8A653C8A-12EB-4994-B3E4-672A84B7249F}.Debug|Any CPU.ActiveCfg = Debug|Any CPU
		{8A653C8A-12EB-4994-B3E4-672A84B7249F}.Debug|Any CPU.Build.0 = Debug|Any CPU
		{8A653C8A-12EB-4994-B3E4-672A84B7249F}.Release|Any CPU.ActiveCfg = Release|Any CPU
		{8A653C8A-12EB-4994-B3E4-672A84B7249F}.Release|Any CPU.Build.0 = Release|Any CPU
	EndGlobalSection
	GlobalSection(SolutionProperties) = preSolution
		HideSolutionNode = FALSE
	EndGlobalSection
	GlobalSection(ExtensibilityGlobals) = postSolution
		SolutionGuid = {C8422F65-5DFB-4285-8E33-07ABB1BC6804}
	EndGlobalSection
EndGlobal
